{
  "name": "fdirtesting",
  "version": "1.0.0",
  "lockfileVersion": 3,
  "requires": true,
  "packages": {
    "": {
      "name": "fdirtesting",
      "version": "1.0.0",
      "license": "MIT",
      "dependencies": {
        "fdir": "^6.4.4"
      }
    },
    "node_modules/fdir": {
      "version": "6.4.4",
      "resolved": "https://registry.npmjs.org/fdir/-/fdir-6.4.4.tgz",
      "integrity": "sha512-1NZP+GK4GfuAv3PqKvxQRDMjdSRZjnkq7KfhlNrCNNlZ0ygQFpebfrnfnq/W7fpUnAv9aGWmY1zKx7FYL3gwhg==",
      "license": "MIT",
      "peerDependencies": {
        "picomatch": "^3 || ^4"
      },
      "peerDependenciesMeta": {
        "picomatch": {
          "optional": true
        }
      }
    }
  }
}
